<Solution>
  <Folder Name="/docs/">
    <File Path="docs/关于IFoxCAD的架构说明.md" />
  </Folder>
  <Folder Name="/src/">
    <File Path="src/Directory.Build.props" />
    <Project Path="src/CADShared/CADShared.shproj" />

  <Project Path="src/FunKit/IFoxFunKit/IFoxFunKit.csproj" />
  <Project Path="src/FunKit/IFoxFunKit.Analyzers/IFoxFunKit.Analyzers.csproj" />
  <Project Path="src/FunKit/IFoxFunKit.UnitTest/IFoxFunKit.UnitTest.csproj" />
  <Project Path="src/FunKit/IFoxFunKit.TestNet35Analyzers/IFoxFunKit.TestNet35Analyzers.csproj" />

    <Project Path="src/IFoxCAD.Acad08/IFoxCAD.Acad08.csproj" />
    <Project Path="src/IFoxCAD.AutoCad/IFoxCAD.AutoCad.csproj" />
    <Project Path="src/IFoxCAD.Gcad/IFoxCAD.Gcad.csproj" />
    <Project Path="src/IFoxCAD.ZwCad/IFoxCAD.ZwCad.csproj" />
  </Folder>
  <Folder Name="/tests/">
    <Project Path="tests/GitEncodingChecker/EncodingChecker.csproj" />
    <Project Path="tests/IFoxCAD.LoadForm/IFoxCAD.LoadEx.csproj" />
    <Project Path="tests/IFoxCAD.WPF/IFoxCAD.WPF.csproj" />
    <Project Path="tests/MCP.Server/MCP.Server.csproj" />
    <Project Path="tests/TestAcad08/TestAcad08.csproj" />
    <Project Path="tests/TestAcad09plus/TestAcad09plus.csproj" />
    <Project Path="tests/TestShared/TestShared.shproj" />
  </Folder>
  <Folder Name="/unittests/">
    <Project Path="unittests/BasalUnitTest/BasalUnitTest.csproj" />
    <Project Path="unittests/CadVersionUnitTest/CadVersionUnitTest.csproj" />
    <Project Path="unittests/MyJsonUnitTest/MyJsonUnitTest.csproj" />
    <Project Path="unittests/NET35VolatileUnitTest/NET35VolatileUnitTest.csproj" />
  </Folder>
  <Folder Name="/unittests/PE/">
    <Project Path="unittests/PE/DllImportGeneratorTest/DllImportGeneratorTest.csproj" />
    <Project Path="unittests/PE/PEInfoUnitTest/PEInfoUnitTest.csproj" />
  </Folder>
</Solution>
