<Solution>
  <Folder Name="/docs/">
    <File Path="docs/关于IFoxCAD的架构说明.md" />
  </Folder>
  <Folder Name="/src/">
    <File Path="src/Directory.Build.props" />
    <Project Path="src/CADShared/CADShared.shproj" />
    <Project Path="src/IFoxCAD.Acad08/IFoxCAD.Acad08.csproj" />
    <Project Path="src/IFoxCAD.AutoCad/IFoxCAD.AutoCad.csproj" />
    <Project Path="src/IFoxCAD.Gcad/IFoxCAD.Gcad.csproj" />
    <Project Path="src/IFoxCAD.ZwCad/IFoxCAD.ZwCad.csproj" />
  </Folder>
  <Folder Name="/tests/">
    <Project Path="tests/IFoxCAD.LoadForm/IFoxCAD.LoadEx.csproj" />
    <Project Path="tests/IFoxCAD.WPF/IFoxCAD.WPF.csproj" />
    <Project Path="tests/MCP.Server/MCP.Server.csproj" />
    <Project Path="tests/PEInfoTest/PEInfoTest.csproj" />
    <Project Path="tests/TestAcad08/TestAcad08.csproj" />
    <Project Path="tests/TestAcad09plus/TestAcad09plus.csproj" />
    <Project Path="tests/TestConsole/TestConsole.csproj" />
    <Project Path="tests/TestShared/TestShared.shproj" />
    <Project Path="tests/TestVolatileNET35/TestVolatileNET35.csproj" />
  </Folder>
  <Project Path="GitEncodingChecker/EncodingChecker.csproj" />
</Solution>
