
Microsoft Visual Studio Solution File, Format Version 12.00
Project("{D954291E-2A0B-460D-934E-DC6B0785DB48}") = "CADShared", "src\CADShared\CADShared.shproj", "{75DD901E-ED72-9082-A8D8-948D1DEDA5BF}"
EndProject
Project("{FAE04EC0-301F-11D3-BF4B-00C04F79EFBC}") = "IFoxCAD.AutoCad", "src\IFoxCAD.AutoCad\IFoxCAD.AutoCad.csproj", "{840874FB-BD16-2257-1D51-8FEEB2430D7C}"
EndProject
Project("{FAE04EC0-301F-11D3-BF4B-00C04F79EFBC}") = "IFoxCAD.ZwCad", "src\IFoxCAD.ZwCad\IFoxCAD.ZwCad.csproj", "{39C0C2DF-64BD-4B69-CF4E-6B223A741709}"
EndProject
Project("{FAE04EC0-301F-11D3-BF4B-00C04F79EFBC}") = "TestAcad2025", "tests\TestAcad2025\TestAcad2025.csproj", "{7C221D1D-3B9F-4A7F-BDA2-4983E1169EDB}"
EndProject
Project("{D954291E-2A0B-460D-934E-DC6B0785DB48}") = "TestShared", "tests\TestShared\TestShared.shproj", "{3DEF0726-F94B-A829-423C-05EDE215C787}"
EndProject
Project("{FAE04EC0-301F-11D3-BF4B-00C04F79EFBC}") = "TestZcad2025", "tests\TestZcad2025\TestZcad2025.csproj", "{0D666D1D-AF07-3129-6E6C-D801558E5667}"
EndProject
Project("{2150E333-8FDC-42A3-9474-1A3956D46DE8}") = "docs", "docs", "{208BA388-4CEE-2CBF-559C-5607C099C1F8}"
	ProjectSection(SolutionItems) = preProject
		docs\关于IFoxCAD的架构说明.md = docs\关于IFoxCAD的架构说明.md
	EndProjectSection
EndProject
Project("{2150E333-8FDC-42A3-9474-1A3956D46DE8}") = "src", "src", "{827E0CD3-B72D-47B6-A68D-7590B98EB39B}"
	ProjectSection(SolutionItems) = preProject
		src\Directory.Build.props = src\Directory.Build.props
	EndProjectSection
EndProject
Project("{2150E333-8FDC-42A3-9474-1A3956D46DE8}") = "tests", "tests", "{0AB3BF05-4346-4AA6-1389-037BE0695223}"
EndProject
Global
	GlobalSection(SolutionConfigurationPlatforms) = preSolution
		Debug|Any CPU = Debug|Any CPU
		Release|Any CPU = Release|Any CPU
	EndGlobalSection
	GlobalSection(ProjectConfigurationPlatforms) = postSolution
		{75DD901E-ED72-9082-A8D8-948D1DEDA5BF}.Debug|Any CPU.ActiveCfg = Debug|Any CPU
		{75DD901E-ED72-9082-A8D8-948D1DEDA5BF}.Release|Any CPU.ActiveCfg = Release|Any CPU
		{840874FB-BD16-2257-1D51-8FEEB2430D7C}.Debug|Any CPU.ActiveCfg = Debug|Any CPU
		{840874FB-BD16-2257-1D51-8FEEB2430D7C}.Debug|Any CPU.Build.0 = Debug|Any CPU
		{840874FB-BD16-2257-1D51-8FEEB2430D7C}.Release|Any CPU.ActiveCfg = Release|Any CPU
		{840874FB-BD16-2257-1D51-8FEEB2430D7C}.Release|Any CPU.Build.0 = Release|Any CPU
		{39C0C2DF-64BD-4B69-CF4E-6B223A741709}.Debug|Any CPU.ActiveCfg = Debug|Any CPU
		{39C0C2DF-64BD-4B69-CF4E-6B223A741709}.Debug|Any CPU.Build.0 = Debug|Any CPU
		{39C0C2DF-64BD-4B69-CF4E-6B223A741709}.Release|Any CPU.ActiveCfg = Release|Any CPU
		{39C0C2DF-64BD-4B69-CF4E-6B223A741709}.Release|Any CPU.Build.0 = Release|Any CPU
		{7C221D1D-3B9F-4A7F-BDA2-4983E1169EDB}.Debug|Any CPU.ActiveCfg = Debug|Any CPU
		{7C221D1D-3B9F-4A7F-BDA2-4983E1169EDB}.Debug|Any CPU.Build.0 = Debug|Any CPU
		{7C221D1D-3B9F-4A7F-BDA2-4983E1169EDB}.Release|Any CPU.ActiveCfg = Release|Any CPU
		{7C221D1D-3B9F-4A7F-BDA2-4983E1169EDB}.Release|Any CPU.Build.0 = Release|Any CPU
		{3DEF0726-F94B-A829-423C-05EDE215C787}.Debug|Any CPU.ActiveCfg = Debug|Any CPU
		{3DEF0726-F94B-A829-423C-05EDE215C787}.Release|Any CPU.ActiveCfg = Release|Any CPU
		{0D666D1D-AF07-3129-6E6C-D801558E5667}.Debug|Any CPU.ActiveCfg = Debug|Any CPU
		{0D666D1D-AF07-3129-6E6C-D801558E5667}.Debug|Any CPU.Build.0 = Debug|Any CPU
		{0D666D1D-AF07-3129-6E6C-D801558E5667}.Release|Any CPU.ActiveCfg = Release|Any CPU
		{0D666D1D-AF07-3129-6E6C-D801558E5667}.Release|Any CPU.Build.0 = Release|Any CPU
	EndGlobalSection
	GlobalSection(NestedProjects) = preSolution
		{75DD901E-ED72-9082-A8D8-948D1DEDA5BF} = {827E0CD3-B72D-47B6-A68D-7590B98EB39B}
		{840874FB-BD16-2257-1D51-8FEEB2430D7C} = {827E0CD3-B72D-47B6-A68D-7590B98EB39B}
		{39C0C2DF-64BD-4B69-CF4E-6B223A741709} = {827E0CD3-B72D-47B6-A68D-7590B98EB39B}
		{7C221D1D-3B9F-4A7F-BDA2-4983E1169EDB} = {0AB3BF05-4346-4AA6-1389-037BE0695223}
		{3DEF0726-F94B-A829-423C-05EDE215C787} = {0AB3BF05-4346-4AA6-1389-037BE0695223}
		{0D666D1D-AF07-3129-6E6C-D801558E5667} = {0AB3BF05-4346-4AA6-1389-037BE0695223}
	EndGlobalSection
EndGlobal
